[[package]]
name = "asgiref"
version = "3.6.0"
description = "ASGI specs, helper code, and adapters"
category = "main"
optional = false
python-versions = ">=3.7"

[package.extras]
tests = ["pytest", "pytest-asyncio", "mypy (>=0.800)"]

[[package]]
name = "django"
version = "4.1.5"
description = "A high-level Python web framework that encourages rapid development and clean, pragmatic design."
category = "main"
optional = false
python-versions = ">=3.8"

[package.dependencies]
asgiref = ">=3.5.2,<4"
sqlparse = ">=0.2.2"
tzdata = {version = "*", markers = "sys_platform == \"win32\""}

[package.extras]
argon2 = ["argon2-cffi (>=19.1.0)"]
bcrypt = ["bcrypt"]

[[package]]
name = "django-admin"
version = "2.0.1"
description = "Django Admin Extensions"
category = "main"
optional = false
python-versions = "*"

[package.dependencies]
django-excel-response2 = ">=3.0.0"

[[package]]
name = "django-excel-base"
version = "1.0.5"
description = "Django Excel Base"
category = "main"
optional = false
python-versions = "*"

[package.dependencies]
pytz = "*"
screen = "*"
xlwt = "*"

[[package]]
name = "django-excel-response2"
version = "3.0.3"
description = "A function extends of Tarken's django-excel-response"
category = "main"
optional = false
python-versions = "*"

[package.dependencies]
django-excel-base = ">=1.0.5"
django-six = ">=1.0.4"

[[package]]
name = "django-six"
version = "1.0.4"
description = "Django-six —— Django Compatibility Library"
category = "main"
optional = false
python-versions = "*"

[[package]]
name = "psycopg2"
version = "2.9.5"
description = "psycopg2 - Python-PostgreSQL Database Adapter"
category = "main"
optional = false
python-versions = ">=3.6"

[[package]]
name = "pytz"
version = "2022.7"
description = "World timezone definitions, modern and historical"
category = "main"
optional = false
python-versions = "*"

[[package]]
name = "screen"
version = "1.0.1"
description = "Screen width and so on"
category = "main"
optional = false
python-versions = "*"

[[package]]
name = "sqlparse"
version = "0.4.3"
description = "A non-validating SQL parser."
category = "main"
optional = false
python-versions = ">=3.5"

[[package]]
name = "tzdata"
version = "2022.7"
description = "Provider of IANA time zone data"
category = "main"
optional = false
python-versions = ">=2"

[[package]]
name = "xlwt"
version = "1.3.0"
description = "Library to create spreadsheet files compatible with MS Excel 97/2000/XP/2003 XLS files, on any platform, with Python 2.6, 2.7, 3.3+"
category = "main"
optional = false
python-versions = "*"

[metadata]
lock-version = "1.1"
python-versions = "^3.11"
content-hash = "505692e0836a118a942dba9e52a6bdefd5f13dffbe9b1578ead352cc85c55ee0"

[metadata.files]
asgiref = []
django = []
django-admin = []
django-excel-base = []
django-excel-response2 = []
django-six = []
psycopg2 = []
pytz = []
screen = []
sqlparse = []
tzdata = []
xlwt = []
